
Microsoft Visual Studio Solution File, Format Version 12.00
# Visual Studio Version 17
VisualStudioVersion = 17.3.32819.101
MinimumVisualStudioVersion = 10.0.40219.1
Project("{FAE04EC0-301F-11D3-BF4B-00C04F79EFBC}") = "CundecinosWeb", "CundecinosWeb\CundecinosWeb.csproj", "{E5D060D0-A7EF-4A0E-876E-431D456E4A26}"
EndProject
Project("{2150E333-8FDC-42A3-9474-1A3956D46DE8}") = "DevExtreme NuGet.config", "DevExtreme NuGet.config", "{AB744AD1-B0BE-48A9-B4AD-9F3EEDE05AF4}"
	ProjectSection(SolutionItems) = preProject
		NuGet.config = NuGet.config
	EndProjectSection
EndProject
Global
	GlobalSection(SolutionConfigurationPlatforms) = preSolution
		Debug|Any CPU = Debug|Any CPU
		Release|Any CPU = Release|Any CPU
	EndGlobalSection
	GlobalSection(ProjectConfigurationPlatforms) = postSolution
		{E5D060D0-A7EF-4A0E-876E-431D456E4A26}.Debug|Any CPU.ActiveCfg = Debug|Any CPU
		{E5D060D0-A7EF-4A0E-876E-431D456E4A26}.Debug|Any CPU.Build.0 = Debug|Any CPU
		{E5D060D0-A7EF-4A0E-876E-431D456E4A26}.Release|Any CPU.ActiveCfg = Release|Any CPU
		{E5D060D0-A7EF-4A0E-876E-431D456E4A26}.Release|Any CPU.Build.0 = Release|Any CPU
	EndGlobalSection
	GlobalSection(SolutionProperties) = preSolution
		HideSolutionNode = FALSE
	EndGlobalSection
	GlobalSection(ExtensibilityGlobals) = postSolution
		SolutionGuid = {7531C325-EF80-4A3C-BACF-D75ABAE92F61}
	EndGlobalSection
EndGlobal
